
Microsoft Visual Studio Solution File, Format Version 12.00
# Visual Studio Version 16
VisualStudioVersion = 16.0.29905.134
MinimumVisualStudioVersion = 10.0.40219.1
Project("{FAE04EC0-301F-11D3-BF4B-00C04F79EFBC}") = "MyParcer", "MyParcer.csproj", "{F6FDBEB1-0D2E-4739-B1C4-4B06EF37F134}"
EndProject
Global
	GlobalSection(SolutionConfigurationPlatforms) = preSolution
		Debug|Any CPU = Debug|Any CPU
		Release|Any CPU = Release|Any CPU
	EndGlobalSection
	GlobalSection(ProjectConfigurationPlatforms) = postSolution
		{F6FDBEB1-0D2E-4739-B1C4-4B06EF37F134}.Debug|Any CPU.ActiveCfg = Debug|Any CPU
		{F6FDBEB1-0D2E-4739-B1C4-4B06EF37F134}.Debug|Any CPU.Build.0 = Debug|Any CPU
		{F6FDBEB1-0D2E-4739-B1C4-4B06EF37F134}.Release|Any CPU.ActiveCfg = Release|Any CPU
		{F6FDBEB1-0D2E-4739-B1C4-4B06EF37F134}.Release|Any CPU.Build.0 = Release|Any CPU
	EndGlobalSection
	GlobalSection(SolutionProperties) = preSolution
		HideSolutionNode = FALSE
	EndGlobalSection
	GlobalSection(ExtensibilityGlobals) = postSolution
		SolutionGuid = {6C9F12A4-F4BE-42C4-8A5F-10CE130B1AF5}
	EndGlobalSection
EndGlobal
